
Microsoft Visual Studio Solution File, Format Version 12.00
# Visual Studio Version 17
VisualStudioVersion = 17.3.32901.215
MinimumVisualStudioVersion = 10.0.40219.1
Project("{2150E333-8FDC-42A3-9474-1A3956D46DE8}") = "CMakePredefinedTargets", "CMakePredefinedTargets", "{56974FA4-9FE9-3840-ADE3-3C03168912FE}"
EndProject
Project("{2150E333-8FDC-42A3-9474-1A3956D46DE8}") = "External", "External", "{C038D1B5-66B0-3C46-B15C-AAAD39E2C6A3}"
EndProject
Project("{2150E333-8FDC-42A3-9474-1A3956D46DE8}") = "Internal", "Internal", "{4295D7FF-1817-3BA9-BBDF-07679C4AFCC0}"
EndProject
Project("{2150E333-8FDC-42A3-9474-1A3956D46DE8}") = "Utils", "Utils", "{B6AF75E3-2627-3C21-A534-C4F27EA2AAC6}"
EndProject
Project("{8BC9CEB8-8B4A-11D0-8D11-00A0C91BC942}") = "SYNC_RESOURCE-test-technique-2022", "SYNC_RESOURCE-test-technique-2022.vcxproj", "{E11C2DEA-EB71-3CAC-BE78-41B32D56EAE6}"
	ProjectSection(ProjectDependencies) = postProject
		{B78D2DDF-6E30-3F3F-ACD9-7CC6F6442243} = {B78D2DDF-6E30-3F3F-ACD9-7CC6F6442243}
	EndProjectSection
EndProject
Project("{8BC9CEB8-8B4A-11D0-8D11-00A0C91BC942}") = "ZERO_CHECK", "ZERO_CHECK.vcxproj", "{B78D2DDF-6E30-3F3F-ACD9-7CC6F6442243}"
EndProject
Project("{8BC9CEB8-8B4A-11D0-8D11-00A0C91BC942}") = "cocos2d", "engine\cocos\core\cocos2d.vcxproj", "{70E4055E-FA93-3BC7-8881-81A285E29EAF}"
	ProjectSection(ProjectDependencies) = postProject
		{B78D2DDF-6E30-3F3F-ACD9-7CC6F6442243} = {B78D2DDF-6E30-3F3F-ACD9-7CC6F6442243}
		{0835A478-48EF-35C7-8096-3BBFD40ED9E7} = {0835A478-48EF-35C7-8096-3BBFD40ED9E7}
		{CF571B64-D7AB-3BB1-9C32-ADEC414E6D5B} = {CF571B64-D7AB-3BB1-9C32-ADEC414E6D5B}
		{E9B64A1E-50FE-398E-86B3-58642E9506F2} = {E9B64A1E-50FE-398E-86B3-58642E9506F2}
		{0372FD38-3C3F-334E-8331-7347BB908BB3} = {0372FD38-3C3F-334E-8331-7347BB908BB3}
		{07347238-A1E8-3CC2-9C24-9F999DF2D5D7} = {07347238-A1E8-3CC2-9C24-9F999DF2D5D7}
		{D53520CB-B21E-3D7F-BF2C-163961CBCD44} = {D53520CB-B21E-3D7F-BF2C-163961CBCD44}
		{23802275-668E-3F52-9309-015C40A1DD17} = {23802275-668E-3F52-9309-015C40A1DD17}
		{9158D27C-0E37-33C8-997C-6962885467E2} = {9158D27C-0E37-33C8-997C-6962885467E2}
		{C0215CE1-9419-3E65-9AE1-AC56C73438F8} = {C0215CE1-9419-3E65-9AE1-AC56C73438F8}
		{8E9FAEFB-33EE-38A2-9AF4-966598AB8F0A} = {8E9FAEFB-33EE-38A2-9AF4-966598AB8F0A}
		{786C567E-98BA-36EC-8CC9-E6F02E2A0982} = {786C567E-98BA-36EC-8CC9-E6F02E2A0982}
	EndProjectSection
EndProject
Project("{8BC9CEB8-8B4A-11D0-8D11-00A0C91BC942}") = "ext_clipper", "engine\external\clipper\ext_clipper.vcxproj", "{0835A478-48EF-35C7-8096-3BBFD40ED9E7}"
	ProjectSection(ProjectDependencies) = postProject
		{B78D2DDF-6E30-3F3F-ACD9-7CC6F6442243} = {B78D2DDF-6E30-3F3F-ACD9-7CC6F6442243}
	EndProjectSection
EndProject
Project("{8BC9CEB8-8B4A-11D0-8D11-00A0C91BC942}") = "ext_convertUTF", "engine\external\ConvertUTF\ext_convertUTF.vcxproj", "{CF571B64-D7AB-3BB1-9C32-ADEC414E6D5B}"
	ProjectSection(ProjectDependencies) = postProject
		{B78D2DDF-6E30-3F3F-ACD9-7CC6F6442243} = {B78D2DDF-6E30-3F3F-ACD9-7CC6F6442243}
	EndProjectSection
EndProject
Project("{8BC9CEB8-8B4A-11D0-8D11-00A0C91BC942}") = "ext_edtaa3func", "engine\external\edtaa3func\ext_edtaa3func.vcxproj", "{E9B64A1E-50FE-398E-86B3-58642E9506F2}"
	ProjectSection(ProjectDependencies) = postProject
		{B78D2DDF-6E30-3F3F-ACD9-7CC6F6442243} = {B78D2DDF-6E30-3F3F-ACD9-7CC6F6442243}
	EndProjectSection
EndProject
Project("{8BC9CEB8-8B4A-11D0-8D11-00A0C91BC942}") = "ext_md5", "engine\external\md5\ext_md5.vcxproj", "{0372FD38-3C3F-334E-8331-7347BB908BB3}"
	ProjectSection(ProjectDependencies) = postProject
		{B78D2DDF-6E30-3F3F-ACD9-7CC6F6442243} = {B78D2DDF-6E30-3F3F-ACD9-7CC6F6442243}
	EndProjectSection
EndProject
Project("{8BC9CEB8-8B4A-11D0-8D11-00A0C91BC942}") = "ext_poly2tri", "engine\external\poly2tri\ext_poly2tri.vcxproj", "{07347238-A1E8-3CC2-9C24-9F999DF2D5D7}"
	ProjectSection(ProjectDependencies) = postProject
		{B78D2DDF-6E30-3F3F-ACD9-7CC6F6442243} = {B78D2DDF-6E30-3F3F-ACD9-7CC6F6442243}
	EndProjectSection
EndProject
Project("{8BC9CEB8-8B4A-11D0-8D11-00A0C91BC942}") = "ext_recast", "engine\external\recast\ext_recast.vcxproj", "{D53520CB-B21E-3D7F-BF2C-163961CBCD44}"
	ProjectSection(ProjectDependencies) = postProject
		{B78D2DDF-6E30-3F3F-ACD9-7CC6F6442243} = {B78D2DDF-6E30-3F3F-ACD9-7CC6F6442243}
	EndProjectSection
EndProject
Project("{8BC9CEB8-8B4A-11D0-8D11-00A0C91BC942}") = "ext_tinyxml2", "engine\external\tinyxml2\ext_tinyxml2.vcxproj", "{23802275-668E-3F52-9309-015C40A1DD17}"
	ProjectSection(ProjectDependencies) = postProject
		{B78D2DDF-6E30-3F3F-ACD9-7CC6F6442243} = {B78D2DDF-6E30-3F3F-ACD9-7CC6F6442243}
	EndProjectSection
EndProject
Project("{8BC9CEB8-8B4A-11D0-8D11-00A0C91BC942}") = "ext_unzip", "engine\external\unzip\ext_unzip.vcxproj", "{9158D27C-0E37-33C8-997C-6962885467E2}"
	ProjectSection(ProjectDependencies) = postProject
		{B78D2DDF-6E30-3F3F-ACD9-7CC6F6442243} = {B78D2DDF-6E30-3F3F-ACD9-7CC6F6442243}
	EndProjectSection
EndProject
Project("{8BC9CEB8-8B4A-11D0-8D11-00A0C91BC942}") = "ext_xxhash", "engine\external\xxhash\ext_xxhash.vcxproj", "{C0215CE1-9419-3E65-9AE1-AC56C73438F8}"
	ProjectSection(ProjectDependencies) = postProject
		{B78D2DDF-6E30-3F3F-ACD9-7CC6F6442243} = {B78D2DDF-6E30-3F3F-ACD9-7CC6F6442243}
	EndProjectSection
EndProject
Project("{8BC9CEB8-8B4A-11D0-8D11-00A0C91BC942}") = "ext_xxtea", "engine\external\xxtea\ext_xxtea.vcxproj", "{8E9FAEFB-33EE-38A2-9AF4-966598AB8F0A}"
	ProjectSection(ProjectDependencies) = postProject
		{B78D2DDF-6E30-3F3F-ACD9-7CC6F6442243} = {B78D2DDF-6E30-3F3F-ACD9-7CC6F6442243}
	EndProjectSection
EndProject
Project("{8BC9CEB8-8B4A-11D0-8D11-00A0C91BC942}") = "external", "engine\external\external.vcxproj", "{786C567E-98BA-36EC-8CC9-E6F02E2A0982}"
	ProjectSection(ProjectDependencies) = postProject
		{B78D2DDF-6E30-3F3F-ACD9-7CC6F6442243} = {B78D2DDF-6E30-3F3F-ACD9-7CC6F6442243}
		{0835A478-48EF-35C7-8096-3BBFD40ED9E7} = {0835A478-48EF-35C7-8096-3BBFD40ED9E7}
		{CF571B64-D7AB-3BB1-9C32-ADEC414E6D5B} = {CF571B64-D7AB-3BB1-9C32-ADEC414E6D5B}
		{E9B64A1E-50FE-398E-86B3-58642E9506F2} = {E9B64A1E-50FE-398E-86B3-58642E9506F2}
		{0372FD38-3C3F-334E-8331-7347BB908BB3} = {0372FD38-3C3F-334E-8331-7347BB908BB3}
		{07347238-A1E8-3CC2-9C24-9F999DF2D5D7} = {07347238-A1E8-3CC2-9C24-9F999DF2D5D7}
		{D53520CB-B21E-3D7F-BF2C-163961CBCD44} = {D53520CB-B21E-3D7F-BF2C-163961CBCD44}
		{23802275-668E-3F52-9309-015C40A1DD17} = {23802275-668E-3F52-9309-015C40A1DD17}
		{9158D27C-0E37-33C8-997C-6962885467E2} = {9158D27C-0E37-33C8-997C-6962885467E2}
		{C0215CE1-9419-3E65-9AE1-AC56C73438F8} = {C0215CE1-9419-3E65-9AE1-AC56C73438F8}
		{8E9FAEFB-33EE-38A2-9AF4-966598AB8F0A} = {8E9FAEFB-33EE-38A2-9AF4-966598AB8F0A}
	EndProjectSection
EndProject
Project("{8BC9CEB8-8B4A-11D0-8D11-00A0C91BC942}") = "test-technique-2022", "test-technique-2022.vcxproj", "{690A62C3-7A7B-335D-893D-ED38813EB22F}"
	ProjectSection(ProjectDependencies) = postProject
		{E11C2DEA-EB71-3CAC-BE78-41B32D56EAE6} = {E11C2DEA-EB71-3CAC-BE78-41B32D56EAE6}
		{B78D2DDF-6E30-3F3F-ACD9-7CC6F6442243} = {B78D2DDF-6E30-3F3F-ACD9-7CC6F6442243}
		{70E4055E-FA93-3BC7-8881-81A285E29EAF} = {70E4055E-FA93-3BC7-8881-81A285E29EAF}
		{0835A478-48EF-35C7-8096-3BBFD40ED9E7} = {0835A478-48EF-35C7-8096-3BBFD40ED9E7}
		{CF571B64-D7AB-3BB1-9C32-ADEC414E6D5B} = {CF571B64-D7AB-3BB1-9C32-ADEC414E6D5B}
		{E9B64A1E-50FE-398E-86B3-58642E9506F2} = {E9B64A1E-50FE-398E-86B3-58642E9506F2}
		{0372FD38-3C3F-334E-8331-7347BB908BB3} = {0372FD38-3C3F-334E-8331-7347BB908BB3}
		{07347238-A1E8-3CC2-9C24-9F999DF2D5D7} = {07347238-A1E8-3CC2-9C24-9F999DF2D5D7}
		{D53520CB-B21E-3D7F-BF2C-163961CBCD44} = {D53520CB-B21E-3D7F-BF2C-163961CBCD44}
		{23802275-668E-3F52-9309-015C40A1DD17} = {23802275-668E-3F52-9309-015C40A1DD17}
		{9158D27C-0E37-33C8-997C-6962885467E2} = {9158D27C-0E37-33C8-997C-6962885467E2}
		{C0215CE1-9419-3E65-9AE1-AC56C73438F8} = {C0215CE1-9419-3E65-9AE1-AC56C73438F8}
		{8E9FAEFB-33EE-38A2-9AF4-966598AB8F0A} = {8E9FAEFB-33EE-38A2-9AF4-966598AB8F0A}
		{786C567E-98BA-36EC-8CC9-E6F02E2A0982} = {786C567E-98BA-36EC-8CC9-E6F02E2A0982}
	EndProjectSection
EndProject
Global
	GlobalSection(SolutionConfigurationPlatforms) = preSolution
		Debug|Win32 = Debug|Win32
		MinSizeRel|Win32 = MinSizeRel|Win32
		Release|Win32 = Release|Win32
		RelWithDebInfo|Win32 = RelWithDebInfo|Win32
	EndGlobalSection
	GlobalSection(ProjectConfigurationPlatforms) = postSolution
		{E11C2DEA-EB71-3CAC-BE78-41B32D56EAE6}.Debug|Win32.ActiveCfg = Debug|Win32
		{E11C2DEA-EB71-3CAC-BE78-41B32D56EAE6}.Debug|Win32.Build.0 = Debug|Win32
		{E11C2DEA-EB71-3CAC-BE78-41B32D56EAE6}.MinSizeRel|Win32.ActiveCfg = MinSizeRel|Win32
		{E11C2DEA-EB71-3CAC-BE78-41B32D56EAE6}.MinSizeRel|Win32.Build.0 = MinSizeRel|Win32
		{E11C2DEA-EB71-3CAC-BE78-41B32D56EAE6}.Release|Win32.ActiveCfg = Release|Win32
		{E11C2DEA-EB71-3CAC-BE78-41B32D56EAE6}.Release|Win32.Build.0 = Release|Win32
		{E11C2DEA-EB71-3CAC-BE78-41B32D56EAE6}.RelWithDebInfo|Win32.ActiveCfg = RelWithDebInfo|Win32
		{E11C2DEA-EB71-3CAC-BE78-41B32D56EAE6}.RelWithDebInfo|Win32.Build.0 = RelWithDebInfo|Win32
		{B78D2DDF-6E30-3F3F-ACD9-7CC6F6442243}.Debug|Win32.ActiveCfg = Debug|Win32
		{B78D2DDF-6E30-3F3F-ACD9-7CC6F6442243}.Debug|Win32.Build.0 = Debug|Win32
		{B78D2DDF-6E30-3F3F-ACD9-7CC6F6442243}.MinSizeRel|Win32.ActiveCfg = MinSizeRel|Win32
		{B78D2DDF-6E30-3F3F-ACD9-7CC6F6442243}.MinSizeRel|Win32.Build.0 = MinSizeRel|Win32
		{B78D2DDF-6E30-3F3F-ACD9-7CC6F6442243}.Release|Win32.ActiveCfg = Release|Win32
		{B78D2DDF-6E30-3F3F-ACD9-7CC6F6442243}.Release|Win32.Build.0 = Release|Win32
		{B78D2DDF-6E30-3F3F-ACD9-7CC6F6442243}.RelWithDebInfo|Win32.ActiveCfg = RelWithDebInfo|Win32
		{B78D2DDF-6E30-3F3F-ACD9-7CC6F6442243}.RelWithDebInfo|Win32.Build.0 = RelWithDebInfo|Win32
		{70E4055E-FA93-3BC7-8881-81A285E29EAF}.Debug|Win32.ActiveCfg = Debug|Win32
		{70E4055E-FA93-3BC7-8881-81A285E29EAF}.Debug|Win32.Build.0 = Debug|Win32
		{70E4055E-FA93-3BC7-8881-81A285E29EAF}.MinSizeRel|Win32.ActiveCfg = MinSizeRel|Win32
		{70E4055E-FA93-3BC7-8881-81A285E29EAF}.MinSizeRel|Win32.Build.0 = MinSizeRel|Win32
		{70E4055E-FA93-3BC7-8881-81A285E29EAF}.Release|Win32.ActiveCfg = Release|Win32
		{70E4055E-FA93-3BC7-8881-81A285E29EAF}.Release|Win32.Build.0 = Release|Win32
		{70E4055E-FA93-3BC7-8881-81A285E29EAF}.RelWithDebInfo|Win32.ActiveCfg = RelWithDebInfo|Win32
		{70E4055E-FA93-3BC7-8881-81A285E29EAF}.RelWithDebInfo|Win32.Build.0 = RelWithDebInfo|Win32
		{0835A478-48EF-35C7-8096-3BBFD40ED9E7}.Debug|Win32.ActiveCfg = Debug|Win32
		{0835A478-48EF-35C7-8096-3BBFD40ED9E7}.Debug|Win32.Build.0 = Debug|Win32
		{0835A478-48EF-35C7-8096-3BBFD40ED9E7}.MinSizeRel|Win32.ActiveCfg = MinSizeRel|Win32
		{0835A478-48EF-35C7-8096-3BBFD40ED9E7}.MinSizeRel|Win32.Build.0 = MinSizeRel|Win32
		{0835A478-48EF-35C7-8096-3BBFD40ED9E7}.Release|Win32.ActiveCfg = Release|Win32
		{0835A478-48EF-35C7-8096-3BBFD40ED9E7}.Release|Win32.Build.0 = Release|Win32
		{0835A478-48EF-35C7-8096-3BBFD40ED9E7}.RelWithDebInfo|Win32.ActiveCfg = RelWithDebInfo|Win32
		{0835A478-48EF-35C7-8096-3BBFD40ED9E7}.RelWithDebInfo|Win32.Build.0 = RelWithDebInfo|Win32
		{CF571B64-D7AB-3BB1-9C32-ADEC414E6D5B}.Debug|Win32.ActiveCfg = Debug|Win32
		{CF571B64-D7AB-3BB1-9C32-ADEC414E6D5B}.Debug|Win32.Build.0 = Debug|Win32
		{CF571B64-D7AB-3BB1-9C32-ADEC414E6D5B}.MinSizeRel|Win32.ActiveCfg = MinSizeRel|Win32
		{CF571B64-D7AB-3BB1-9C32-ADEC414E6D5B}.MinSizeRel|Win32.Build.0 = MinSizeRel|Win32
		{CF571B64-D7AB-3BB1-9C32-ADEC414E6D5B}.Release|Win32.ActiveCfg = Release|Win32
		{CF571B64-D7AB-3BB1-9C32-ADEC414E6D5B}.Release|Win32.Build.0 = Release|Win32
		{CF571B64-D7AB-3BB1-9C32-ADEC414E6D5B}.RelWithDebInfo|Win32.ActiveCfg = RelWithDebInfo|Win32
		{CF571B64-D7AB-3BB1-9C32-ADEC414E6D5B}.RelWithDebInfo|Win32.Build.0 = RelWithDebInfo|Win32
		{E9B64A1E-50FE-398E-86B3-58642E9506F2}.Debug|Win32.ActiveCfg = Debug|Win32
		{E9B64A1E-50FE-398E-86B3-58642E9506F2}.Debug|Win32.Build.0 = Debug|Win32
		{E9B64A1E-50FE-398E-86B3-58642E9506F2}.MinSizeRel|Win32.ActiveCfg = MinSizeRel|Win32
		{E9B64A1E-50FE-398E-86B3-58642E9506F2}.MinSizeRel|Win32.Build.0 = MinSizeRel|Win32
		{E9B64A1E-50FE-398E-86B3-58642E9506F2}.Release|Win32.ActiveCfg = Release|Win32
		{E9B64A1E-50FE-398E-86B3-58642E9506F2}.Release|Win32.Build.0 = Release|Win32
		{E9B64A1E-50FE-398E-86B3-58642E9506F2}.RelWithDebInfo|Win32.ActiveCfg = RelWithDebInfo|Win32
		{E9B64A1E-50FE-398E-86B3-58642E9506F2}.RelWithDebInfo|Win32.Build.0 = RelWithDebInfo|Win32
		{0372FD38-3C3F-334E-8331-7347BB908BB3}.Debug|Win32.ActiveCfg = Debug|Win32
		{0372FD38-3C3F-334E-8331-7347BB908BB3}.Debug|Win32.Build.0 = Debug|Win32
		{0372FD38-3C3F-334E-8331-7347BB908BB3}.MinSizeRel|Win32.ActiveCfg = MinSizeRel|Win32
		{0372FD38-3C3F-334E-8331-7347BB908BB3}.MinSizeRel|Win32.Build.0 = MinSizeRel|Win32
		{0372FD38-3C3F-334E-8331-7347BB908BB3}.Release|Win32.ActiveCfg = Release|Win32
		{0372FD38-3C3F-334E-8331-7347BB908BB3}.Release|Win32.Build.0 = Release|Win32
		{0372FD38-3C3F-334E-8331-7347BB908BB3}.RelWithDebInfo|Win32.ActiveCfg = RelWithDebInfo|Win32
		{0372FD38-3C3F-334E-8331-7347BB908BB3}.RelWithDebInfo|Win32.Build.0 = RelWithDebInfo|Win32
		{07347238-A1E8-3CC2-9C24-9F999DF2D5D7}.Debug|Win32.ActiveCfg = Debug|Win32
		{07347238-A1E8-3CC2-9C24-9F999DF2D5D7}.Debug|Win32.Build.0 = Debug|Win32
		{07347238-A1E8-3CC2-9C24-9F999DF2D5D7}.MinSizeRel|Win32.ActiveCfg = MinSizeRel|Win32
		{07347238-A1E8-3CC2-9C24-9F999DF2D5D7}.MinSizeRel|Win32.Build.0 = MinSizeRel|Win32
		{07347238-A1E8-3CC2-9C24-9F999DF2D5D7}.Release|Win32.ActiveCfg = Release|Win32
		{07347238-A1E8-3CC2-9C24-9F999DF2D5D7}.Release|Win32.Build.0 = Release|Win32
		{07347238-A1E8-3CC2-9C24-9F999DF2D5D7}.RelWithDebInfo|Win32.ActiveCfg = RelWithDebInfo|Win32
		{07347238-A1E8-3CC2-9C24-9F999DF2D5D7}.RelWithDebInfo|Win32.Build.0 = RelWithDebInfo|Win32
		{D53520CB-B21E-3D7F-BF2C-163961CBCD44}.Debug|Win32.ActiveCfg = Debug|Win32
		{D53520CB-B21E-3D7F-BF2C-163961CBCD44}.Debug|Win32.Build.0 = Debug|Win32
		{D53520CB-B21E-3D7F-BF2C-163961CBCD44}.MinSizeRel|Win32.ActiveCfg = MinSizeRel|Win32
		{D53520CB-B21E-3D7F-BF2C-163961CBCD44}.MinSizeRel|Win32.Build.0 = MinSizeRel|Win32
		{D53520CB-B21E-3D7F-BF2C-163961CBCD44}.Release|Win32.ActiveCfg = Release|Win32
		{D53520CB-B21E-3D7F-BF2C-163961CBCD44}.Release|Win32.Build.0 = Release|Win32
		{D53520CB-B21E-3D7F-BF2C-163961CBCD44}.RelWithDebInfo|Win32.ActiveCfg = RelWithDebInfo|Win32
		{D53520CB-B21E-3D7F-BF2C-163961CBCD44}.RelWithDebInfo|Win32.Build.0 = RelWithDebInfo|Win32
		{23802275-668E-3F52-9309-015C40A1DD17}.Debug|Win32.ActiveCfg = Debug|Win32
		{23802275-668E-3F52-9309-015C40A1DD17}.Debug|Win32.Build.0 = Debug|Win32
		{23802275-668E-3F52-9309-015C40A1DD17}.MinSizeRel|Win32.ActiveCfg = MinSizeRel|Win32
		{23802275-668E-3F52-9309-015C40A1DD17}.MinSizeRel|Win32.Build.0 = MinSizeRel|Win32
		{23802275-668E-3F52-9309-015C40A1DD17}.Release|Win32.ActiveCfg = Release|Win32
		{23802275-668E-3F52-9309-015C40A1DD17}.Release|Win32.Build.0 = Release|Win32
		{23802275-668E-3F52-9309-015C40A1DD17}.RelWithDebInfo|Win32.ActiveCfg = RelWithDebInfo|Win32
		{23802275-668E-3F52-9309-015C40A1DD17}.RelWithDebInfo|Win32.Build.0 = RelWithDebInfo|Win32
		{9158D27C-0E37-33C8-997C-6962885467E2}.Debug|Win32.ActiveCfg = Debug|Win32
		{9158D27C-0E37-33C8-997C-6962885467E2}.Debug|Win32.Build.0 = Debug|Win32
		{9158D27C-0E37-33C8-997C-6962885467E2}.MinSizeRel|Win32.ActiveCfg = MinSizeRel|Win32
		{9158D27C-0E37-33C8-997C-6962885467E2}.MinSizeRel|Win32.Build.0 = MinSizeRel|Win32
		{9158D27C-0E37-33C8-997C-6962885467E2}.Release|Win32.ActiveCfg = Release|Win32
		{9158D27C-0E37-33C8-997C-6962885467E2}.Release|Win32.Build.0 = Release|Win32
		{9158D27C-0E37-33C8-997C-6962885467E2}.RelWithDebInfo|Win32.ActiveCfg = RelWithDebInfo|Win32
		{9158D27C-0E37-33C8-997C-6962885467E2}.RelWithDebInfo|Win32.Build.0 = RelWithDebInfo|Win32
		{C0215CE1-9419-3E65-9AE1-AC56C73438F8}.Debug|Win32.ActiveCfg = Debug|Win32
		{C0215CE1-9419-3E65-9AE1-AC56C73438F8}.Debug|Win32.Build.0 = Debug|Win32
		{C0215CE1-9419-3E65-9AE1-AC56C73438F8}.MinSizeRel|Win32.ActiveCfg = MinSizeRel|Win32
		{C0215CE1-9419-3E65-9AE1-AC56C73438F8}.MinSizeRel|Win32.Build.0 = MinSizeRel|Win32
		{C0215CE1-9419-3E65-9AE1-AC56C73438F8}.Release|Win32.ActiveCfg = Release|Win32
		{C0215CE1-9419-3E65-9AE1-AC56C73438F8}.Release|Win32.Build.0 = Release|Win32
		{C0215CE1-9419-3E65-9AE1-AC56C73438F8}.RelWithDebInfo|Win32.ActiveCfg = RelWithDebInfo|Win32
		{C0215CE1-9419-3E65-9AE1-AC56C73438F8}.RelWithDebInfo|Win32.Build.0 = RelWithDebInfo|Win32
		{8E9FAEFB-33EE-38A2-9AF4-966598AB8F0A}.Debug|Win32.ActiveCfg = Debug|Win32
		{8E9FAEFB-33EE-38A2-9AF4-966598AB8F0A}.Debug|Win32.Build.0 = Debug|Win32
		{8E9FAEFB-33EE-38A2-9AF4-966598AB8F0A}.MinSizeRel|Win32.ActiveCfg = MinSizeRel|Win32
		{8E9FAEFB-33EE-38A2-9AF4-966598AB8F0A}.MinSizeRel|Win32.Build.0 = MinSizeRel|Win32
		{8E9FAEFB-33EE-38A2-9AF4-966598AB8F0A}.Release|Win32.ActiveCfg = Release|Win32
		{8E9FAEFB-33EE-38A2-9AF4-966598AB8F0A}.Release|Win32.Build.0 = Release|Win32
		{8E9FAEFB-33EE-38A2-9AF4-966598AB8F0A}.RelWithDebInfo|Win32.ActiveCfg = RelWithDebInfo|Win32
		{8E9FAEFB-33EE-38A2-9AF4-966598AB8F0A}.RelWithDebInfo|Win32.Build.0 = RelWithDebInfo|Win32
		{786C567E-98BA-36EC-8CC9-E6F02E2A0982}.Debug|Win32.ActiveCfg = Debug|Win32
		{786C567E-98BA-36EC-8CC9-E6F02E2A0982}.Debug|Win32.Build.0 = Debug|Win32
		{786C567E-98BA-36EC-8CC9-E6F02E2A0982}.MinSizeRel|Win32.ActiveCfg = MinSizeRel|Win32
		{786C567E-98BA-36EC-8CC9-E6F02E2A0982}.MinSizeRel|Win32.Build.0 = MinSizeRel|Win32
		{786C567E-98BA-36EC-8CC9-E6F02E2A0982}.Release|Win32.ActiveCfg = Release|Win32
		{786C567E-98BA-36EC-8CC9-E6F02E2A0982}.Release|Win32.Build.0 = Release|Win32
		{786C567E-98BA-36EC-8CC9-E6F02E2A0982}.RelWithDebInfo|Win32.ActiveCfg = RelWithDebInfo|Win32
		{786C567E-98BA-36EC-8CC9-E6F02E2A0982}.RelWithDebInfo|Win32.Build.0 = RelWithDebInfo|Win32
		{690A62C3-7A7B-335D-893D-ED38813EB22F}.Debug|Win32.ActiveCfg = Debug|Win32
		{690A62C3-7A7B-335D-893D-ED38813EB22F}.Debug|Win32.Build.0 = Debug|Win32
		{690A62C3-7A7B-335D-893D-ED38813EB22F}.MinSizeRel|Win32.ActiveCfg = MinSizeRel|Win32
		{690A62C3-7A7B-335D-893D-ED38813EB22F}.MinSizeRel|Win32.Build.0 = MinSizeRel|Win32
		{690A62C3-7A7B-335D-893D-ED38813EB22F}.Release|Win32.ActiveCfg = Release|Win32
		{690A62C3-7A7B-335D-893D-ED38813EB22F}.Release|Win32.Build.0 = Release|Win32
		{690A62C3-7A7B-335D-893D-ED38813EB22F}.RelWithDebInfo|Win32.ActiveCfg = RelWithDebInfo|Win32
		{690A62C3-7A7B-335D-893D-ED38813EB22F}.RelWithDebInfo|Win32.Build.0 = RelWithDebInfo|Win32
	EndGlobalSection
	GlobalSection(SolutionProperties) = preSolution
		HideSolutionNode = FALSE
	EndGlobalSection
	GlobalSection(NestedProjects) = preSolution
		{E11C2DEA-EB71-3CAC-BE78-41B32D56EAE6} = {B6AF75E3-2627-3C21-A534-C4F27EA2AAC6}
		{B78D2DDF-6E30-3F3F-ACD9-7CC6F6442243} = {56974FA4-9FE9-3840-ADE3-3C03168912FE}
		{70E4055E-FA93-3BC7-8881-81A285E29EAF} = {4295D7FF-1817-3BA9-BBDF-07679C4AFCC0}
		{0835A478-48EF-35C7-8096-3BBFD40ED9E7} = {C038D1B5-66B0-3C46-B15C-AAAD39E2C6A3}
		{CF571B64-D7AB-3BB1-9C32-ADEC414E6D5B} = {C038D1B5-66B0-3C46-B15C-AAAD39E2C6A3}
		{E9B64A1E-50FE-398E-86B3-58642E9506F2} = {C038D1B5-66B0-3C46-B15C-AAAD39E2C6A3}
		{0372FD38-3C3F-334E-8331-7347BB908BB3} = {C038D1B5-66B0-3C46-B15C-AAAD39E2C6A3}
		{07347238-A1E8-3CC2-9C24-9F999DF2D5D7} = {C038D1B5-66B0-3C46-B15C-AAAD39E2C6A3}
		{D53520CB-B21E-3D7F-BF2C-163961CBCD44} = {C038D1B5-66B0-3C46-B15C-AAAD39E2C6A3}
		{23802275-668E-3F52-9309-015C40A1DD17} = {C038D1B5-66B0-3C46-B15C-AAAD39E2C6A3}
		{9158D27C-0E37-33C8-997C-6962885467E2} = {C038D1B5-66B0-3C46-B15C-AAAD39E2C6A3}
		{C0215CE1-9419-3E65-9AE1-AC56C73438F8} = {C038D1B5-66B0-3C46-B15C-AAAD39E2C6A3}
		{8E9FAEFB-33EE-38A2-9AF4-966598AB8F0A} = {C038D1B5-66B0-3C46-B15C-AAAD39E2C6A3}
		{786C567E-98BA-36EC-8CC9-E6F02E2A0982} = {C038D1B5-66B0-3C46-B15C-AAAD39E2C6A3}
	EndGlobalSection
	GlobalSection(ExtensibilityGlobals) = postSolution
		SolutionGuid = {61E7DEDE-F3EC-3E3A-AFBE-D40C5C18CC43}
	EndGlobalSection
EndGlobal
