<?xml version="1.0" encoding="utf-8"?>
<Project ToolsVersion="17.0" xmlns="http://schemas.microsoft.com/developer/msbuild/2003">
  <ItemGroup>
    <ClCompile Include="C:\testtechnique-cocosproject\testtechnique-cocosproject\test-technique-2022\Classes\AppDelegate.cpp">
      <Filter>Source Files\Classes</Filter>
    </ClCompile>
    <ClCompile Include="Classes\GameScene.cpp">
      <Filter>Source Files\Classes</Filter>
    </ClCompile>
    <ClCompile Include="C:\testtechnique-cocosproject\testtechnique-cocosproject\test-technique-2022\proj.win32\main.cpp">
      <Filter>Source Files\proj.win32</Filter>
    </ClCompile>
    <ClCompile Include="C:\testtechnique-cocosproject\testtechnique-cocosproject\test-technique-2022\cocos2d\cocos\precheader.cpp">
      <Filter>Source Files</Filter>
    </ClCompile>
    <ClCompile Include="Classes\Actor.cpp">
      <Filter>Source Files\Classes</Filter>
    </ClCompile>
    <ClCompile Include="Classes\Player.cpp">
      <Filter>Source Files\Classes</Filter>
    </ClCompile>
    <ClCompile Include="Classes\CustomController.cpp">
      <Filter>Source Files\Classes</Filter>
    </ClCompile>
    <ClCompile Include="Classes\Interactible.cpp">
      <Filter>Source Files\Classes</Filter>
    </ClCompile>
    <ClCompile Include="Classes\ObjectController.cpp">
      <Filter>Source Files\Classes</Filter>
    </ClCompile>
    <ClCompile Include="Classes\SpawnPoint.cpp">
      <Filter>Source Files\Classes</Filter>
    </ClCompile>
    <ClCompile Include="Classes\Collectible.cpp">
      <Filter>Source Files\Classes</Filter>
    </ClCompile>
    <ClCompile Include="Classes\GameMode.cpp">
      <Filter>Source Files\Classes</Filter>
    </ClCompile>
    <ClCompile Include="Classes\Save.cpp">
      <Filter>Source Files\Classes</Filter>
    </ClCompile>
    <ClCompile Include="Classes\GameState.cpp">
      <Filter>Source Files\Classes</Filter>
    </ClCompile>
    <ClCompile Include="Classes\Obstacle.cpp">
      <Filter>Source Files\Classes</Filter>
    </ClCompile>
    <ClCompile Include="Classes\PlayerHUD.cpp">
      <Filter>Source Files\Classes</Filter>
    </ClCompile>
    <ClCompile Include="Classes\MainScene.cpp">
      <Filter>Source Files\Classes</Filter>
    </ClCompile>
    <ClCompile Include="Classes\Wall.cpp">
      <Filter>Source Files\Classes</Filter>
    </ClCompile>
  </ItemGroup>
  <ItemGroup>
    <ClInclude Include="C:\testtechnique-cocosproject\testtechnique-cocosproject\test-technique-2022\Classes\AppDelegate.h">
      <Filter>Source Files\Classes</Filter>
    </ClInclude>
    <ClInclude Include="Classes\GameScene.h">
      <Filter>Source Files\Classes</Filter>
    </ClInclude>
    <ClInclude Include="C:\testtechnique-cocosproject\testtechnique-cocosproject\test-technique-2022\proj.win32\main.h">
      <Filter>Source Files\proj.win32</Filter>
    </ClInclude>
    <ClInclude Include="C:\testtechnique-cocosproject\testtechnique-cocosproject\test-technique-2022\proj.win32\resource.h">
      <Filter>Source Files\proj.win32</Filter>
    </ClInclude>
    <ClInclude Include="C:\testtechnique-cocosproject\testtechnique-cocosproject\test-technique-2022\Resources\fonts\Marker Felt.ttf">
      <Filter>Resources\fonts</Filter>
    </ClInclude>
    <ClInclude Include="C:\testtechnique-cocosproject\testtechnique-cocosproject\test-technique-2022\Resources\fonts\arial.ttf">
      <Filter>Resources\fonts</Filter>
    </ClInclude>
    <ClInclude Include="Classes\Actor.h">
      <Filter>Source Files\Classes</Filter>
    </ClInclude>
    <ClInclude Include="Classes\Player.h">
      <Filter>Source Files\Classes</Filter>
    </ClInclude>
    <ClInclude Include="Classes\GameEvents.h">
      <Filter>Source Files\Classes</Filter>
    </ClInclude>
    <ClInclude Include="Classes\Interactible.h">
      <Filter>Source Files\Classes</Filter>
    </ClInclude>
    <ClInclude Include="Classes\CustomController.h">
      <Filter>Source Files\Classes</Filter>
    </ClInclude>
    <ClInclude Include="Classes\ObjectController.h">
      <Filter>Source Files\Classes</Filter>
    </ClInclude>
    <ClInclude Include="Classes\SpawnPoint.h">
      <Filter>Source Files\Classes</Filter>
    </ClInclude>
    <ClInclude Include="Classes\Collectible.h">
      <Filter>Source Files\Classes</Filter>
    </ClInclude>
    <ClInclude Include="Classes\GameMode.h">
      <Filter>Source Files\Classes</Filter>
    </ClInclude>
    <ClInclude Include="Classes\Save.h">
      <Filter>Source Files\Classes</Filter>
    </ClInclude>
    <ClInclude Include="Classes\GameState.h">
      <Filter>Source Files\Classes</Filter>
    </ClInclude>
    <ClInclude Include="Classes\Obstacle.h">
      <Filter>Source Files\Classes</Filter>
    </ClInclude>
    <ClInclude Include="Classes\PlayerHUD.h">
      <Filter>Source Files\Classes</Filter>
    </ClInclude>
    <ClInclude Include="Classes\MainScene.h">
      <Filter>Source Files\Classes</Filter>
    </ClInclude>
    <ClInclude Include="Classes\Wall.h">
      <Filter>Source Files\Classes</Filter>
    </ClInclude>
  </ItemGroup>
  <ItemGroup>
    <CustomBuild Include="C:\testtechnique-cocosproject\testtechnique-cocosproject\test-technique-2022\CMakeLists.txt" />
  </ItemGroup>
  <ItemGroup>
    <ResourceCompile Include="C:\testtechnique-cocosproject\testtechnique-cocosproject\test-technique-2022\proj.win32\game.rc">
      <Filter>Source Files\proj.win32</Filter>
    </ResourceCompile>
  </ItemGroup>
  <ItemGroup>
    <Filter Include="Resources">
      <UniqueIdentifier>{2DC8B2DA-3308-3FF8-AB96-51928217BA38}</UniqueIdentifier>
    </Filter>
    <Filter Include="Resources\fonts">
      <UniqueIdentifier>{6BCDE5DF-6548-306F-8FF3-C8454BF98ADC}</UniqueIdentifier>
    </Filter>
    <Filter Include="Source Files">
      <UniqueIdentifier>{75DE2C66-902F-38E4-9075-65FC372C01CD}</UniqueIdentifier>
    </Filter>
    <Filter Include="Source Files\Classes">
      <UniqueIdentifier>{6B0AC3B3-4A52-3D2A-8DFD-78BBCF43B6F4}</UniqueIdentifier>
    </Filter>
    <Filter Include="Source Files\proj.win32">
      <UniqueIdentifier>{BD32102B-D48F-3B46-8418-E959DA013DAD}</UniqueIdentifier>
    </Filter>
    <Filter Include="Resources\Assets">
      <UniqueIdentifier>{7c3715bf-0831-46b7-a241-01b95b80bff3}</UniqueIdentifier>
    </Filter>
    <Filter Include="Resources\Icons">
      <UniqueIdentifier>{d30bbe23-761c-410f-91f6-62e81ded5209}</UniqueIdentifier>
    </Filter>
  </ItemGroup>
  <ItemGroup>
    <Image Include="Resources\Assets\SportsRacingCar_0.png">
      <Filter>Resources\Assets</Filter>
    </Image>
    <Image Include="Resources\Assets\Icons\pixel_style2_18.png">
      <Filter>Resources\Icons</Filter>
    </Image>
    <Image Include="Resources\Assets\roguelikeCity_magenta_671.png">
      <Filter>Resources\Assets</Filter>
    </Image>
    <Image Include="Resources\Assets\coin.png">
      <Filter>Resources\Assets</Filter>
    </Image>
    <Image Include="Resources\Assets\roguelikeCity_magenta_789.png">
      <Filter>Resources\Assets</Filter>
    </Image>
    <Image Include="Resources\Assets\roguelikeCity_magenta_790.png">
      <Filter>Resources\Assets</Filter>
    </Image>
    <Image Include="Resources\Assets\roguelikeCity_magenta_709.png">
      <Filter>Resources\Assets</Filter>
    </Image>
    <Image Include="Resources\Assets\roguelikeCity_magenta_795.png">
      <Filter>Resources\Assets</Filter>
    </Image>
    <Image Include="Resources\Assets\Play.png">
      <Filter>Resources\Assets</Filter>
    </Image>
    <Image Include="Resources\Assets\Score.png">
      <Filter>Resources\Assets</Filter>
    </Image>
  </ItemGroup>
  <ItemGroup>
    <Media Include="Resources\Assets\coin.mp3">
      <Filter>Resources\Assets</Filter>
    </Media>
    <Media Include="Resources\Assets\car_crash.mp3">
      <Filter>Resources\Assets</Filter>
    </Media>
    <Media Include="Resources\Assets\car_move.mp3">
      <Filter>Resources\Assets</Filter>
    </Media>
  </ItemGroup>
</Project>