<?xml version="1.0" encoding="utf-8"?>
<Project ToolsVersion="17.0" xmlns="http://schemas.microsoft.com/developer/msbuild/2003">
  <ItemGroup>
    <ClCompile Include="C:\testtechnique-cocosproject\testtechnique-cocosproject\test-technique-2022\Classes\AppDelegate.cpp">
      <Filter>Source Files\Classes</Filter>
    </ClCompile>
    <ClCompile Include="C:\testtechnique-cocosproject\testtechnique-cocosproject\test-technique-2022\Classes\HelloWorldScene.cpp">
      <Filter>Source Files\Classes</Filter>
    </ClCompile>
    <ClCompile Include="C:\testtechnique-cocosproject\testtechnique-cocosproject\test-technique-2022\proj.win32\main.cpp">
      <Filter>Source Files\proj.win32</Filter>
    </ClCompile>
    <ClCompile Include="C:\testtechnique-cocosproject\testtechnique-cocosproject\test-technique-2022\cocos2d\cocos\precheader.cpp">
      <Filter>Source Files</Filter>
    </ClCompile>
  </ItemGroup>
  <ItemGroup>
    <ClInclude Include="C:\testtechnique-cocosproject\testtechnique-cocosproject\test-technique-2022\Classes\AppDelegate.h">
      <Filter>Source Files\Classes</Filter>
    </ClInclude>
    <ClInclude Include="C:\testtechnique-cocosproject\testtechnique-cocosproject\test-technique-2022\Classes\HelloWorldScene.h">
      <Filter>Source Files\Classes</Filter>
    </ClInclude>
    <ClInclude Include="C:\testtechnique-cocosproject\testtechnique-cocosproject\test-technique-2022\proj.win32\main.h">
      <Filter>Source Files\proj.win32</Filter>
    </ClInclude>
    <ClInclude Include="C:\testtechnique-cocosproject\testtechnique-cocosproject\test-technique-2022\proj.win32\resource.h">
      <Filter>Source Files\proj.win32</Filter>
    </ClInclude>
    <ClInclude Include="C:\testtechnique-cocosproject\testtechnique-cocosproject\test-technique-2022\Resources\CloseNormal.png">
      <Filter>Resources</Filter>
    </ClInclude>
    <ClInclude Include="C:\testtechnique-cocosproject\testtechnique-cocosproject\test-technique-2022\Resources\CloseSelected.png">
      <Filter>Resources</Filter>
    </ClInclude>
    <ClInclude Include="C:\testtechnique-cocosproject\testtechnique-cocosproject\test-technique-2022\Resources\HelloWorld.png">
      <Filter>Resources</Filter>
    </ClInclude>
    <ClInclude Include="C:\testtechnique-cocosproject\testtechnique-cocosproject\test-technique-2022\Resources\fonts\Marker Felt.ttf">
      <Filter>Resources\fonts</Filter>
    </ClInclude>
    <ClInclude Include="C:\testtechnique-cocosproject\testtechnique-cocosproject\test-technique-2022\Resources\fonts\arial.ttf">
      <Filter>Resources\fonts</Filter>
    </ClInclude>
    <ClInclude Include="C:\testtechnique-cocosproject\testtechnique-cocosproject\test-technique-2022\Resources\res\.gitkeep">
      <Filter>Resources\res</Filter>
    </ClInclude>
  </ItemGroup>
  <ItemGroup>
    <CustomBuild Include="C:\testtechnique-cocosproject\testtechnique-cocosproject\test-technique-2022\CMakeLists.txt" />
  </ItemGroup>
  <ItemGroup>
    <ResourceCompile Include="C:\testtechnique-cocosproject\testtechnique-cocosproject\test-technique-2022\proj.win32\game.rc">
      <Filter>Source Files\proj.win32</Filter>
    </ResourceCompile>
  </ItemGroup>
  <ItemGroup>
    <Filter Include="Resources">
      <UniqueIdentifier>{2DC8B2DA-3308-3FF8-AB96-51928217BA38}</UniqueIdentifier>
    </Filter>
    <Filter Include="Resources\fonts">
      <UniqueIdentifier>{6BCDE5DF-6548-306F-8FF3-C8454BF98ADC}</UniqueIdentifier>
    </Filter>
    <Filter Include="Resources\res">
      <UniqueIdentifier>{751E23E5-FA29-3BF4-9A86-BAEA602FCC37}</UniqueIdentifier>
    </Filter>
    <Filter Include="Source Files">
      <UniqueIdentifier>{75DE2C66-902F-38E4-9075-65FC372C01CD}</UniqueIdentifier>
    </Filter>
    <Filter Include="Source Files\Classes">
      <UniqueIdentifier>{6B0AC3B3-4A52-3D2A-8DFD-78BBCF43B6F4}</UniqueIdentifier>
    </Filter>
    <Filter Include="Source Files\proj.win32">
      <UniqueIdentifier>{BD32102B-D48F-3B46-8418-E959DA013DAD}</UniqueIdentifier>
    </Filter>
  </ItemGroup>
</Project>
